
Microsoft Visual Studio Solution File, Format Version 12.00
# Visual Studio Version 16
VisualStudioVersion = 16.0.30907.101
MinimumVisualStudioVersion = 15.0.26124.0
Project("{2150E333-8FDC-42A3-9474-1A3956D46DE8}") = "src", "src", "{53491120-C1A3-4ED9-8739-6D562BE89B6C}"
EndProject
Project("{9A19103F-16F7-4668-BE54-9A1E7A4F7556}") = "Api", "src\Application\Api.csproj", "{47AEF63A-289A-4717-ABA7-DDC8125E9B54}"
EndProject
Project("{9A19103F-16F7-4668-BE54-9A1E7A4F7556}") = "Domain", "src\Domain\Domain.csproj", "{2F53086B-6CF4-4B16-AAEF-7294F648702A}"
EndProject
Project("{9A19103F-16F7-4668-BE54-9A1E7A4F7556}") = "Tests", "src\Tests\Tests.csproj", "{5F5FD085-1992-4348-B1B2-FBDF4732058E}"
EndProject
Project("{9A19103F-16F7-4668-BE54-9A1E7A4F7556}") = "Service", "src\Service\Service.csproj", "{CCEC562D-B1C8-4405-AA00-4C36E8213FAA}"
EndProject
Project("{9A19103F-16F7-4668-BE54-9A1E7A4F7556}") = "Web", "src\Web\Web.csproj", "{672FCA90-7857-41A7-A312-DE89712E5785}"
EndProject
Project("{9A19103F-16F7-4668-BE54-9A1E7A4F7556}") = "Infrastructure.Data", "src\Infrastructure\Data\Infrastructure.Data.csproj", "{1FC4B308-F36E-4728-B47D-B665706E50FA}"
EndProject
Project("{9A19103F-16F7-4668-BE54-9A1E7A4F7556}") = "Infrastructure.Helpers", "src\Infrastructure\Helpers\Infrastructure.Helpers.csproj", "{13762451-BE2D-4251-A414-85D0BAF9DF1F}"
EndProject
Project("{9A19103F-16F7-4668-BE54-9A1E7A4F7556}") = "Infrastructure.CrossCutting", "src\Infrastructure\CrossCutting\Infrastructure.CrossCutting.csproj", "{1CDFC421-FD5C-4B77-91CF-447C00EA9C3B}"
EndProject
Global
	GlobalSection(SolutionConfigurationPlatforms) = preSolution
		Debug|Any CPU = Debug|Any CPU
		Debug|x64 = Debug|x64
		Debug|x86 = Debug|x86
		Release|Any CPU = Release|Any CPU
		Release|x64 = Release|x64
		Release|x86 = Release|x86
	EndGlobalSection
	GlobalSection(ProjectConfigurationPlatforms) = postSolution
		{47AEF63A-289A-4717-ABA7-DDC8125E9B54}.Debug|Any CPU.ActiveCfg = Debug|Any CPU
		{47AEF63A-289A-4717-ABA7-DDC8125E9B54}.Debug|Any CPU.Build.0 = Debug|Any CPU
		{47AEF63A-289A-4717-ABA7-DDC8125E9B54}.Debug|x64.ActiveCfg = Debug|Any CPU
		{47AEF63A-289A-4717-ABA7-DDC8125E9B54}.Debug|x64.Build.0 = Debug|Any CPU
		{47AEF63A-289A-4717-ABA7-DDC8125E9B54}.Debug|x86.ActiveCfg = Debug|Any CPU
		{47AEF63A-289A-4717-ABA7-DDC8125E9B54}.Debug|x86.Build.0 = Debug|Any CPU
		{47AEF63A-289A-4717-ABA7-DDC8125E9B54}.Release|Any CPU.ActiveCfg = Release|Any CPU
		{47AEF63A-289A-4717-ABA7-DDC8125E9B54}.Release|Any CPU.Build.0 = Release|Any CPU
		{47AEF63A-289A-4717-ABA7-DDC8125E9B54}.Release|x64.ActiveCfg = Release|Any CPU
		{47AEF63A-289A-4717-ABA7-DDC8125E9B54}.Release|x64.Build.0 = Release|Any CPU
		{47AEF63A-289A-4717-ABA7-DDC8125E9B54}.Release|x86.ActiveCfg = Release|Any CPU
		{47AEF63A-289A-4717-ABA7-DDC8125E9B54}.Release|x86.Build.0 = Release|Any CPU
		{2F53086B-6CF4-4B16-AAEF-7294F648702A}.Debug|Any CPU.ActiveCfg = Debug|Any CPU
		{2F53086B-6CF4-4B16-AAEF-7294F648702A}.Debug|Any CPU.Build.0 = Debug|Any CPU
		{2F53086B-6CF4-4B16-AAEF-7294F648702A}.Debug|x64.ActiveCfg = Debug|Any CPU
		{2F53086B-6CF4-4B16-AAEF-7294F648702A}.Debug|x64.Build.0 = Debug|Any CPU
		{2F53086B-6CF4-4B16-AAEF-7294F648702A}.Debug|x86.ActiveCfg = Debug|Any CPU
		{2F53086B-6CF4-4B16-AAEF-7294F648702A}.Debug|x86.Build.0 = Debug|Any CPU
		{2F53086B-6CF4-4B16-AAEF-7294F648702A}.Release|Any CPU.ActiveCfg = Release|Any CPU
		{2F53086B-6CF4-4B16-AAEF-7294F648702A}.Release|Any CPU.Build.0 = Release|Any CPU
		{2F53086B-6CF4-4B16-AAEF-7294F648702A}.Release|x64.ActiveCfg = Release|Any CPU
		{2F53086B-6CF4-4B16-AAEF-7294F648702A}.Release|x64.Build.0 = Release|Any CPU
		{2F53086B-6CF4-4B16-AAEF-7294F648702A}.Release|x86.ActiveCfg = Release|Any CPU
		{2F53086B-6CF4-4B16-AAEF-7294F648702A}.Release|x86.Build.0 = Release|Any CPU
		{5F5FD085-1992-4348-B1B2-FBDF4732058E}.Debug|Any CPU.ActiveCfg = Debug|Any CPU
		{5F5FD085-1992-4348-B1B2-FBDF4732058E}.Debug|Any CPU.Build.0 = Debug|Any CPU
		{5F5FD085-1992-4348-B1B2-FBDF4732058E}.Debug|x64.ActiveCfg = Debug|Any CPU
		{5F5FD085-1992-4348-B1B2-FBDF4732058E}.Debug|x64.Build.0 = Debug|Any CPU
		{5F5FD085-1992-4348-B1B2-FBDF4732058E}.Debug|x86.ActiveCfg = Debug|Any CPU
		{5F5FD085-1992-4348-B1B2-FBDF4732058E}.Debug|x86.Build.0 = Debug|Any CPU
		{5F5FD085-1992-4348-B1B2-FBDF4732058E}.Release|Any CPU.ActiveCfg = Release|Any CPU
		{5F5FD085-1992-4348-B1B2-FBDF4732058E}.Release|Any CPU.Build.0 = Release|Any CPU
		{5F5FD085-1992-4348-B1B2-FBDF4732058E}.Release|x64.ActiveCfg = Release|Any CPU
		{5F5FD085-1992-4348-B1B2-FBDF4732058E}.Release|x64.Build.0 = Release|Any CPU
		{5F5FD085-1992-4348-B1B2-FBDF4732058E}.Release|x86.ActiveCfg = Release|Any CPU
		{5F5FD085-1992-4348-B1B2-FBDF4732058E}.Release|x86.Build.0 = Release|Any CPU
		{CCEC562D-B1C8-4405-AA00-4C36E8213FAA}.Debug|Any CPU.ActiveCfg = Debug|Any CPU
		{CCEC562D-B1C8-4405-AA00-4C36E8213FAA}.Debug|Any CPU.Build.0 = Debug|Any CPU
		{CCEC562D-B1C8-4405-AA00-4C36E8213FAA}.Debug|x64.ActiveCfg = Debug|Any CPU
		{CCEC562D-B1C8-4405-AA00-4C36E8213FAA}.Debug|x64.Build.0 = Debug|Any CPU
		{CCEC562D-B1C8-4405-AA00-4C36E8213FAA}.Debug|x86.ActiveCfg = Debug|Any CPU
		{CCEC562D-B1C8-4405-AA00-4C36E8213FAA}.Debug|x86.Build.0 = Debug|Any CPU
		{CCEC562D-B1C8-4405-AA00-4C36E8213FAA}.Release|Any CPU.ActiveCfg = Release|Any CPU
		{CCEC562D-B1C8-4405-AA00-4C36E8213FAA}.Release|Any CPU.Build.0 = Release|Any CPU
		{CCEC562D-B1C8-4405-AA00-4C36E8213FAA}.Release|x64.ActiveCfg = Release|Any CPU
		{CCEC562D-B1C8-4405-AA00-4C36E8213FAA}.Release|x64.Build.0 = Release|Any CPU
		{CCEC562D-B1C8-4405-AA00-4C36E8213FAA}.Release|x86.ActiveCfg = Release|Any CPU
		{CCEC562D-B1C8-4405-AA00-4C36E8213FAA}.Release|x86.Build.0 = Release|Any CPU
		{672FCA90-7857-41A7-A312-DE89712E5785}.Debug|Any CPU.ActiveCfg = Debug|Any CPU
		{672FCA90-7857-41A7-A312-DE89712E5785}.Debug|Any CPU.Build.0 = Debug|Any CPU
		{672FCA90-7857-41A7-A312-DE89712E5785}.Debug|x64.ActiveCfg = Debug|Any CPU
		{672FCA90-7857-41A7-A312-DE89712E5785}.Debug|x64.Build.0 = Debug|Any CPU
		{672FCA90-7857-41A7-A312-DE89712E5785}.Debug|x86.ActiveCfg = Debug|Any CPU
		{672FCA90-7857-41A7-A312-DE89712E5785}.Debug|x86.Build.0 = Debug|Any CPU
		{672FCA90-7857-41A7-A312-DE89712E5785}.Release|Any CPU.ActiveCfg = Release|Any CPU
		{672FCA90-7857-41A7-A312-DE89712E5785}.Release|Any CPU.Build.0 = Release|Any CPU
		{672FCA90-7857-41A7-A312-DE89712E5785}.Release|x64.ActiveCfg = Release|Any CPU
		{672FCA90-7857-41A7-A312-DE89712E5785}.Release|x64.Build.0 = Release|Any CPU
		{672FCA90-7857-41A7-A312-DE89712E5785}.Release|x86.ActiveCfg = Release|Any CPU
		{672FCA90-7857-41A7-A312-DE89712E5785}.Release|x86.Build.0 = Release|Any CPU
		{1FC4B308-F36E-4728-B47D-B665706E50FA}.Debug|Any CPU.ActiveCfg = Debug|Any CPU
		{1FC4B308-F36E-4728-B47D-B665706E50FA}.Debug|Any CPU.Build.0 = Debug|Any CPU
		{1FC4B308-F36E-4728-B47D-B665706E50FA}.Debug|x64.ActiveCfg = Debug|Any CPU
		{1FC4B308-F36E-4728-B47D-B665706E50FA}.Debug|x64.Build.0 = Debug|Any CPU
		{1FC4B308-F36E-4728-B47D-B665706E50FA}.Debug|x86.ActiveCfg = Debug|Any CPU
		{1FC4B308-F36E-4728-B47D-B665706E50FA}.Debug|x86.Build.0 = Debug|Any CPU
		{1FC4B308-F36E-4728-B47D-B665706E50FA}.Release|Any CPU.ActiveCfg = Release|Any CPU
		{1FC4B308-F36E-4728-B47D-B665706E50FA}.Release|Any CPU.Build.0 = Release|Any CPU
		{1FC4B308-F36E-4728-B47D-B665706E50FA}.Release|x64.ActiveCfg = Release|Any CPU
		{1FC4B308-F36E-4728-B47D-B665706E50FA}.Release|x64.Build.0 = Release|Any CPU
		{1FC4B308-F36E-4728-B47D-B665706E50FA}.Release|x86.ActiveCfg = Release|Any CPU
		{1FC4B308-F36E-4728-B47D-B665706E50FA}.Release|x86.Build.0 = Release|Any CPU
		{13762451-BE2D-4251-A414-85D0BAF9DF1F}.Debug|Any CPU.ActiveCfg = Debug|Any CPU
		{13762451-BE2D-4251-A414-85D0BAF9DF1F}.Debug|Any CPU.Build.0 = Debug|Any CPU
		{13762451-BE2D-4251-A414-85D0BAF9DF1F}.Debug|x64.ActiveCfg = Debug|Any CPU
		{13762451-BE2D-4251-A414-85D0BAF9DF1F}.Debug|x64.Build.0 = Debug|Any CPU
		{13762451-BE2D-4251-A414-85D0BAF9DF1F}.Debug|x86.ActiveCfg = Debug|Any CPU
		{13762451-BE2D-4251-A414-85D0BAF9DF1F}.Debug|x86.Build.0 = Debug|Any CPU
		{13762451-BE2D-4251-A414-85D0BAF9DF1F}.Release|Any CPU.ActiveCfg = Release|Any CPU
		{13762451-BE2D-4251-A414-85D0BAF9DF1F}.Release|Any CPU.Build.0 = Release|Any CPU
		{13762451-BE2D-4251-A414-85D0BAF9DF1F}.Release|x64.ActiveCfg = Release|Any CPU
		{13762451-BE2D-4251-A414-85D0BAF9DF1F}.Release|x64.Build.0 = Release|Any CPU
		{13762451-BE2D-4251-A414-85D0BAF9DF1F}.Release|x86.ActiveCfg = Release|Any CPU
		{13762451-BE2D-4251-A414-85D0BAF9DF1F}.Release|x86.Build.0 = Release|Any CPU
		{1CDFC421-FD5C-4B77-91CF-447C00EA9C3B}.Debug|Any CPU.ActiveCfg = Debug|Any CPU
		{1CDFC421-FD5C-4B77-91CF-447C00EA9C3B}.Debug|Any CPU.Build.0 = Debug|Any CPU
		{1CDFC421-FD5C-4B77-91CF-447C00EA9C3B}.Debug|x64.ActiveCfg = Debug|Any CPU
		{1CDFC421-FD5C-4B77-91CF-447C00EA9C3B}.Debug|x64.Build.0 = Debug|Any CPU
		{1CDFC421-FD5C-4B77-91CF-447C00EA9C3B}.Debug|x86.ActiveCfg = Debug|Any CPU
		{1CDFC421-FD5C-4B77-91CF-447C00EA9C3B}.Debug|x86.Build.0 = Debug|Any CPU
		{1CDFC421-FD5C-4B77-91CF-447C00EA9C3B}.Release|Any CPU.ActiveCfg = Release|Any CPU
		{1CDFC421-FD5C-4B77-91CF-447C00EA9C3B}.Release|Any CPU.Build.0 = Release|Any CPU
		{1CDFC421-FD5C-4B77-91CF-447C00EA9C3B}.Release|x64.ActiveCfg = Release|Any CPU
		{1CDFC421-FD5C-4B77-91CF-447C00EA9C3B}.Release|x64.Build.0 = Release|Any CPU
		{1CDFC421-FD5C-4B77-91CF-447C00EA9C3B}.Release|x86.ActiveCfg = Release|Any CPU
		{1CDFC421-FD5C-4B77-91CF-447C00EA9C3B}.Release|x86.Build.0 = Release|Any CPU
	EndGlobalSection
	GlobalSection(SolutionProperties) = preSolution
		HideSolutionNode = FALSE
	EndGlobalSection
	GlobalSection(NestedProjects) = preSolution
		{47AEF63A-289A-4717-ABA7-DDC8125E9B54} = {53491120-C1A3-4ED9-8739-6D562BE89B6C}
		{2F53086B-6CF4-4B16-AAEF-7294F648702A} = {53491120-C1A3-4ED9-8739-6D562BE89B6C}
		{CCEC562D-B1C8-4405-AA00-4C36E8213FAA} = {53491120-C1A3-4ED9-8739-6D562BE89B6C}
		{672FCA90-7857-41A7-A312-DE89712E5785} = {53491120-C1A3-4ED9-8739-6D562BE89B6C}
		{1FC4B308-F36E-4728-B47D-B665706E50FA} = {53491120-C1A3-4ED9-8739-6D562BE89B6C}
		{13762451-BE2D-4251-A414-85D0BAF9DF1F} = {53491120-C1A3-4ED9-8739-6D562BE89B6C}
		{1CDFC421-FD5C-4B77-91CF-447C00EA9C3B} = {53491120-C1A3-4ED9-8739-6D562BE89B6C}
	EndGlobalSection
	GlobalSection(ExtensibilityGlobals) = postSolution
		SolutionGuid = {2D7AA54E-A59B-4617-9800-75910DBC9D7E}
	EndGlobalSection
EndGlobal
