
Microsoft Visual Studio Solution File, Format Version 12.00
# Visual Studio Version 17
VisualStudioVersion = 17.2.32516.85
MinimumVisualStudioVersion = 15.0.26124.0
Project("{9A19103F-16F7-4668-BE54-9A1E7A4F7556}") = "Domain", "Domain\Domain.csproj", "{92251F2E-A506-4879-BD5A-2FBFD94539C9}"
EndProject
Project("{9A19103F-16F7-4668-BE54-9A1E7A4F7556}") = "Service", "Service\Service.csproj", "{21B83061-A7D0-4067-86DB-DE00748901AD}"
EndProject
Project("{9A19103F-16F7-4668-BE54-9A1E7A4F7556}") = "Web", "Web\Web.csproj", "{C131D93C-2DC8-4221-BCAC-64F7FDA91C7C}"
EndProject
Project("{9A19103F-16F7-4668-BE54-9A1E7A4F7556}") = "Tests", "Tests\Tests.csproj", "{4B0C2641-6660-42B2-9697-5398C6751F85}"
EndProject
Project("{9A19103F-16F7-4668-BE54-9A1E7A4F7556}") = "Infrastructure.Data", "Data\Infrastructure.Data.csproj", "{74D52B9E-4BB8-4C1B-8E5C-64DD83F70D81}"
EndProject
Project("{9A19103F-16F7-4668-BE54-9A1E7A4F7556}") = "Infrastructure.CrossCutting", "CrossCutting\Infrastructure.CrossCutting.csproj", "{20584623-FE7A-44AE-8979-A61CC92A0789}"
EndProject
Project("{9A19103F-16F7-4668-BE54-9A1E7A4F7556}") = "Infrastructure.Helpers", "Helpers\Infrastructure.Helpers.csproj", "{1F4DCD2E-1193-4F59-8781-43EBBD8D033C}"
EndProject
Project("{2150E333-8FDC-42A3-9474-1A3956D46DE8}") = "Solution Items", "Solution Items", "{A238E7A8-6CB3-4268-8266-5317FE1E8EF5}"
	ProjectSection(SolutionItems) = preProject
		.editorconfig = .editorconfig
	EndProjectSection
EndProject
Global
	GlobalSection(SolutionConfigurationPlatforms) = preSolution
		Debug|Any CPU = Debug|Any CPU
		Debug|x64 = Debug|x64
		Debug|x86 = Debug|x86
		Release|Any CPU = Release|Any CPU
		Release|x64 = Release|x64
		Release|x86 = Release|x86
	EndGlobalSection
	GlobalSection(ProjectConfigurationPlatforms) = postSolution
		{92251F2E-A506-4879-BD5A-2FBFD94539C9}.Debug|Any CPU.ActiveCfg = Debug|Any CPU
		{92251F2E-A506-4879-BD5A-2FBFD94539C9}.Debug|Any CPU.Build.0 = Debug|Any CPU
		{92251F2E-A506-4879-BD5A-2FBFD94539C9}.Debug|x64.ActiveCfg = Debug|Any CPU
		{92251F2E-A506-4879-BD5A-2FBFD94539C9}.Debug|x64.Build.0 = Debug|Any CPU
		{92251F2E-A506-4879-BD5A-2FBFD94539C9}.Debug|x86.ActiveCfg = Debug|Any CPU
		{92251F2E-A506-4879-BD5A-2FBFD94539C9}.Debug|x86.Build.0 = Debug|Any CPU
		{92251F2E-A506-4879-BD5A-2FBFD94539C9}.Release|Any CPU.ActiveCfg = Release|Any CPU
		{92251F2E-A506-4879-BD5A-2FBFD94539C9}.Release|Any CPU.Build.0 = Release|Any CPU
		{92251F2E-A506-4879-BD5A-2FBFD94539C9}.Release|x64.ActiveCfg = Release|Any CPU
		{92251F2E-A506-4879-BD5A-2FBFD94539C9}.Release|x64.Build.0 = Release|Any CPU
		{92251F2E-A506-4879-BD5A-2FBFD94539C9}.Release|x86.ActiveCfg = Release|Any CPU
		{92251F2E-A506-4879-BD5A-2FBFD94539C9}.Release|x86.Build.0 = Release|Any CPU
		{21B83061-A7D0-4067-86DB-DE00748901AD}.Debug|Any CPU.ActiveCfg = Debug|Any CPU
		{21B83061-A7D0-4067-86DB-DE00748901AD}.Debug|Any CPU.Build.0 = Debug|Any CPU
		{21B83061-A7D0-4067-86DB-DE00748901AD}.Debug|x64.ActiveCfg = Debug|Any CPU
		{21B83061-A7D0-4067-86DB-DE00748901AD}.Debug|x64.Build.0 = Debug|Any CPU
		{21B83061-A7D0-4067-86DB-DE00748901AD}.Debug|x86.ActiveCfg = Debug|Any CPU
		{21B83061-A7D0-4067-86DB-DE00748901AD}.Debug|x86.Build.0 = Debug|Any CPU
		{21B83061-A7D0-4067-86DB-DE00748901AD}.Release|Any CPU.ActiveCfg = Release|Any CPU
		{21B83061-A7D0-4067-86DB-DE00748901AD}.Release|Any CPU.Build.0 = Release|Any CPU
		{21B83061-A7D0-4067-86DB-DE00748901AD}.Release|x64.ActiveCfg = Release|Any CPU
		{21B83061-A7D0-4067-86DB-DE00748901AD}.Release|x64.Build.0 = Release|Any CPU
		{21B83061-A7D0-4067-86DB-DE00748901AD}.Release|x86.ActiveCfg = Release|Any CPU
		{21B83061-A7D0-4067-86DB-DE00748901AD}.Release|x86.Build.0 = Release|Any CPU
		{C131D93C-2DC8-4221-BCAC-64F7FDA91C7C}.Debug|Any CPU.ActiveCfg = Debug|Any CPU
		{C131D93C-2DC8-4221-BCAC-64F7FDA91C7C}.Debug|Any CPU.Build.0 = Debug|Any CPU
		{C131D93C-2DC8-4221-BCAC-64F7FDA91C7C}.Debug|x64.ActiveCfg = Debug|Any CPU
		{C131D93C-2DC8-4221-BCAC-64F7FDA91C7C}.Debug|x64.Build.0 = Debug|Any CPU
		{C131D93C-2DC8-4221-BCAC-64F7FDA91C7C}.Debug|x86.ActiveCfg = Debug|Any CPU
		{C131D93C-2DC8-4221-BCAC-64F7FDA91C7C}.Debug|x86.Build.0 = Debug|Any CPU
		{C131D93C-2DC8-4221-BCAC-64F7FDA91C7C}.Release|Any CPU.ActiveCfg = Release|Any CPU
		{C131D93C-2DC8-4221-BCAC-64F7FDA91C7C}.Release|Any CPU.Build.0 = Release|Any CPU
		{C131D93C-2DC8-4221-BCAC-64F7FDA91C7C}.Release|x64.ActiveCfg = Release|Any CPU
		{C131D93C-2DC8-4221-BCAC-64F7FDA91C7C}.Release|x64.Build.0 = Release|Any CPU
		{C131D93C-2DC8-4221-BCAC-64F7FDA91C7C}.Release|x86.ActiveCfg = Release|Any CPU
		{C131D93C-2DC8-4221-BCAC-64F7FDA91C7C}.Release|x86.Build.0 = Release|Any CPU
		{4B0C2641-6660-42B2-9697-5398C6751F85}.Debug|Any CPU.ActiveCfg = Debug|Any CPU
		{4B0C2641-6660-42B2-9697-5398C6751F85}.Debug|Any CPU.Build.0 = Debug|Any CPU
		{4B0C2641-6660-42B2-9697-5398C6751F85}.Debug|x64.ActiveCfg = Debug|Any CPU
		{4B0C2641-6660-42B2-9697-5398C6751F85}.Debug|x64.Build.0 = Debug|Any CPU
		{4B0C2641-6660-42B2-9697-5398C6751F85}.Debug|x86.ActiveCfg = Debug|Any CPU
		{4B0C2641-6660-42B2-9697-5398C6751F85}.Debug|x86.Build.0 = Debug|Any CPU
		{4B0C2641-6660-42B2-9697-5398C6751F85}.Release|Any CPU.ActiveCfg = Release|Any CPU
		{4B0C2641-6660-42B2-9697-5398C6751F85}.Release|Any CPU.Build.0 = Release|Any CPU
		{4B0C2641-6660-42B2-9697-5398C6751F85}.Release|x64.ActiveCfg = Release|Any CPU
		{4B0C2641-6660-42B2-9697-5398C6751F85}.Release|x64.Build.0 = Release|Any CPU
		{4B0C2641-6660-42B2-9697-5398C6751F85}.Release|x86.ActiveCfg = Release|Any CPU
		{4B0C2641-6660-42B2-9697-5398C6751F85}.Release|x86.Build.0 = Release|Any CPU
		{74D52B9E-4BB8-4C1B-8E5C-64DD83F70D81}.Debug|Any CPU.ActiveCfg = Debug|Any CPU
		{74D52B9E-4BB8-4C1B-8E5C-64DD83F70D81}.Debug|Any CPU.Build.0 = Debug|Any CPU
		{74D52B9E-4BB8-4C1B-8E5C-64DD83F70D81}.Debug|x64.ActiveCfg = Debug|Any CPU
		{74D52B9E-4BB8-4C1B-8E5C-64DD83F70D81}.Debug|x64.Build.0 = Debug|Any CPU
		{74D52B9E-4BB8-4C1B-8E5C-64DD83F70D81}.Debug|x86.ActiveCfg = Debug|Any CPU
		{74D52B9E-4BB8-4C1B-8E5C-64DD83F70D81}.Debug|x86.Build.0 = Debug|Any CPU
		{74D52B9E-4BB8-4C1B-8E5C-64DD83F70D81}.Release|Any CPU.ActiveCfg = Release|Any CPU
		{74D52B9E-4BB8-4C1B-8E5C-64DD83F70D81}.Release|Any CPU.Build.0 = Release|Any CPU
		{74D52B9E-4BB8-4C1B-8E5C-64DD83F70D81}.Release|x64.ActiveCfg = Release|Any CPU
		{74D52B9E-4BB8-4C1B-8E5C-64DD83F70D81}.Release|x64.Build.0 = Release|Any CPU
		{74D52B9E-4BB8-4C1B-8E5C-64DD83F70D81}.Release|x86.ActiveCfg = Release|Any CPU
		{74D52B9E-4BB8-4C1B-8E5C-64DD83F70D81}.Release|x86.Build.0 = Release|Any CPU
		{20584623-FE7A-44AE-8979-A61CC92A0789}.Debug|Any CPU.ActiveCfg = Debug|Any CPU
		{20584623-FE7A-44AE-8979-A61CC92A0789}.Debug|Any CPU.Build.0 = Debug|Any CPU
		{20584623-FE7A-44AE-8979-A61CC92A0789}.Debug|x64.ActiveCfg = Debug|Any CPU
		{20584623-FE7A-44AE-8979-A61CC92A0789}.Debug|x64.Build.0 = Debug|Any CPU
		{20584623-FE7A-44AE-8979-A61CC92A0789}.Debug|x86.ActiveCfg = Debug|Any CPU
		{20584623-FE7A-44AE-8979-A61CC92A0789}.Debug|x86.Build.0 = Debug|Any CPU
		{20584623-FE7A-44AE-8979-A61CC92A0789}.Release|Any CPU.ActiveCfg = Release|Any CPU
		{20584623-FE7A-44AE-8979-A61CC92A0789}.Release|Any CPU.Build.0 = Release|Any CPU
		{20584623-FE7A-44AE-8979-A61CC92A0789}.Release|x64.ActiveCfg = Release|Any CPU
		{20584623-FE7A-44AE-8979-A61CC92A0789}.Release|x64.Build.0 = Release|Any CPU
		{20584623-FE7A-44AE-8979-A61CC92A0789}.Release|x86.ActiveCfg = Release|Any CPU
		{20584623-FE7A-44AE-8979-A61CC92A0789}.Release|x86.Build.0 = Release|Any CPU
		{1F4DCD2E-1193-4F59-8781-43EBBD8D033C}.Debug|Any CPU.ActiveCfg = Debug|Any CPU
		{1F4DCD2E-1193-4F59-8781-43EBBD8D033C}.Debug|Any CPU.Build.0 = Debug|Any CPU
		{1F4DCD2E-1193-4F59-8781-43EBBD8D033C}.Debug|x64.ActiveCfg = Debug|Any CPU
		{1F4DCD2E-1193-4F59-8781-43EBBD8D033C}.Debug|x64.Build.0 = Debug|Any CPU
		{1F4DCD2E-1193-4F59-8781-43EBBD8D033C}.Debug|x86.ActiveCfg = Debug|Any CPU
		{1F4DCD2E-1193-4F59-8781-43EBBD8D033C}.Debug|x86.Build.0 = Debug|Any CPU
		{1F4DCD2E-1193-4F59-8781-43EBBD8D033C}.Release|Any CPU.ActiveCfg = Release|Any CPU
		{1F4DCD2E-1193-4F59-8781-43EBBD8D033C}.Release|Any CPU.Build.0 = Release|Any CPU
		{1F4DCD2E-1193-4F59-8781-43EBBD8D033C}.Release|x64.ActiveCfg = Release|Any CPU
		{1F4DCD2E-1193-4F59-8781-43EBBD8D033C}.Release|x64.Build.0 = Release|Any CPU
		{1F4DCD2E-1193-4F59-8781-43EBBD8D033C}.Release|x86.ActiveCfg = Release|Any CPU
		{1F4DCD2E-1193-4F59-8781-43EBBD8D033C}.Release|x86.Build.0 = Release|Any CPU
	EndGlobalSection
	GlobalSection(SolutionProperties) = preSolution
		HideSolutionNode = FALSE
	EndGlobalSection
	GlobalSection(ExtensibilityGlobals) = postSolution
		SolutionGuid = {2D7AA54E-A59B-4617-9800-75910DBC9D7E}
	EndGlobalSection
EndGlobal
